
Microsoft Visual Studio Solution File, Format Version 12.00
# Visual Studio Version 16
VisualStudioVersion = 16.0.32413.511
MinimumVisualStudioVersion = 10.0.40219.1
Project("{F2A71F9B-5D33-465A-A702-920D77279786}") = "KR2", "KR2.fsproj", "{C02D7575-0C7B-4F9E-9761-D8D8198F08CE}"
EndProject
Global
	GlobalSection(SolutionConfigurationPlatforms) = preSolution
		Debug|Any CPU = Debug|Any CPU
		Release|Any CPU = Release|Any CPU
	EndGlobalSection
	GlobalSection(ProjectConfigurationPlatforms) = postSolution
		{C02D7575-0C7B-4F9E-9761-D8D8198F08CE}.Debug|Any CPU.ActiveCfg = Debug|Any CPU
		{C02D7575-0C7B-4F9E-9761-D8D8198F08CE}.Debug|Any CPU.Build.0 = Debug|Any CPU
		{C02D7575-0C7B-4F9E-9761-D8D8198F08CE}.Release|Any CPU.ActiveCfg = Release|Any CPU
		{C02D7575-0C7B-4F9E-9761-D8D8198F08CE}.Release|Any CPU.Build.0 = Release|Any CPU
	EndGlobalSection
	GlobalSection(SolutionProperties) = preSolution
		HideSolutionNode = FALSE
	EndGlobalSection
	GlobalSection(ExtensibilityGlobals) = postSolution
		SolutionGuid = {50719763-68AD-41DD-AF45-ED651892F5AB}
	EndGlobalSection
EndGlobal
